<?xml version="1.0" encoding="utf-8"?>
<Project ToolsVersion="4.0" xmlns="http://schemas.microsoft.com/developer/msbuild/2003">
  <ItemGroup>
    <Filter Include="Source Files">
      <UniqueIdentifier>{8fc887b2-2f30-4e9a-a09c-47fc35e426f2}</UniqueIdentifier>
      <Extensions>cpp;c;cxx;rc;def;r;odl;idl;hpj;bat</Extensions>
    </Filter>
    <Filter Include="Header Files">
      <UniqueIdentifier>{24643ed8-6b4b-4362-b837-759e6488fcd8}</UniqueIdentifier>
      <Extensions>h;hpp;hxx;hm;inl</Extensions>
    </Filter>
  </ItemGroup>
  <ItemGroup>
    <ClCompile Include="xlDAIOexample.cpp">
      <Filter>Source Files</Filter>
    </ClCompile>
  </ItemGroup>
  <ItemGroup>
    <ClInclude Include="..\..\bin\vxlapi.h">
      <Filter>Header Files</Filter>
    </ClInclude>
    <ClInclude Include="xlDAIOexample.h">
      <Filter>Header Files</Filter>
    </ClInclude>
  </ItemGroup>
</Project>