
Microsoft Visual Studio Solution File, Format Version 12.00
# Visual Studio 17
VisualStudioVersion = 17.4.33502.350
MinimumVisualStudioVersion = 10.0.40219.1
Project("{8BC9CEB8-8B4A-11D0-8D11-00A0C91BC942}") = "xlDAIOdemo", "xlDAIOdemo.vcxproj", "{6551D89A-7994-4C5C-A49F-1E2BD9B50C25}"
EndProject
Global
	GlobalSection(SolutionConfigurationPlatforms) = preSolution
		Debug|Win32 = Debug|Win32
		Release|Win32 = Release|Win32
	EndGlobalSection
	GlobalSection(ProjectConfigurationPlatforms) = postSolution
		{6551D89A-7994-4C5C-A49F-1E2BD9B50C25}.Debug|Win32.ActiveCfg = Debug|Win32
		{6551D89A-7994-4C5C-A49F-1E2BD9B50C25}.Debug|Win32.Build.0 = Debug|Win32
		{6551D89A-7994-4C5C-A49F-1E2BD9B50C25}.Release|Win32.ActiveCfg = Release|Win32
		{6551D89A-7994-4C5C-A49F-1E2BD9B50C25}.Release|Win32.Build.0 = Release|Win32
	EndGlobalSection
	GlobalSection(SolutionProperties) = preSolution
		HideSolutionNode = FALSE
	EndGlobalSection
EndGlobal
